
Microsoft Visual Studio Solution File, Format Version 12.00
# Visual Studio 14
VisualStudioVersion = 14.0.25123.0
MinimumVisualStudioVersion = 10.0.40219.1
Project("{8BC9CEB8-8B4A-11D0-8D11-00A0C91BC942}") = "libupnp", "..\build\vc9\libupnp.vcxproj", "{6227F51A-1498-4C4A-B213-F6FDED605125}"
EndProject
Project("{8BC9CEB8-8B4A-11D0-8D11-00A0C91BC942}") = "ixml", "..\build\vc9\ixml.vcxproj", "{9C2C266D-35A3-465F-A297-0E21D54E5C89}"
EndProject
Project("{2150E333-8FDC-42A3-9474-1A3956D46DE8}") = "dependencies", "dependencies", "{9A01C9FF-6331-4510-B971-2BCD1CA970FD}"
EndProject
Project("{8BC9CEB8-8B4A-11D0-8D11-00A0C91BC942}") = "threadutil", "..\build\vc9\threadutil.vcxproj", "{1D3EEF7A-D248-48C0-B6B5-ECA229FE4B3D}"
EndProject
Project("{8BC9CEB8-8B4A-11D0-8D11-00A0C91BC942}") = "tvcombo", "..\build\vc9\tvcombo.vcxproj", "{6365804B-22C6-4D5E-91F3-0C052EB55B4F}"
EndProject
Project("{8BC9CEB8-8B4A-11D0-8D11-00A0C91BC942}") = "tvctrlpt", "..\build\vc9\tvctrlpt.vcxproj", "{8FB56F1C-E617-4B79-96AE-1FA499A3A9B5}"
EndProject
Project("{8BC9CEB8-8B4A-11D0-8D11-00A0C91BC942}") = "tvdevice", "..\build\vc9\tvdevice.vcxproj", "{7FB5F4A6-74F9-471D-B358-BAA0AC1CCA0A}"
EndProject
Global
	GlobalSection(SolutionConfigurationPlatforms) = preSolution
		Debug|x64 = Debug|x64
		Debug|x86 = Debug|x86
		DebugDLL|x64 = DebugDLL|x64
		DebugDLL|x86 = DebugDLL|x86
		Release|x64 = Release|x64
		Release|x86 = Release|x86
		ReleaseDLL|x64 = ReleaseDLL|x64
		ReleaseDLL|x86 = ReleaseDLL|x86
	EndGlobalSection
	GlobalSection(ProjectConfigurationPlatforms) = postSolution
		{6227F51A-1498-4C4A-B213-F6FDED605125}.Debug|x64.ActiveCfg = Debug|x64
		{6227F51A-1498-4C4A-B213-F6FDED605125}.Debug|x64.Build.0 = Debug|x64
		{6227F51A-1498-4C4A-B213-F6FDED605125}.Debug|x86.ActiveCfg = Debug|Win32
		{6227F51A-1498-4C4A-B213-F6FDED605125}.Debug|x86.Build.0 = Debug|Win32
		{6227F51A-1498-4C4A-B213-F6FDED605125}.DebugDLL|x64.ActiveCfg = DebugDLL|x64
		{6227F51A-1498-4C4A-B213-F6FDED605125}.DebugDLL|x64.Build.0 = DebugDLL|x64
		{6227F51A-1498-4C4A-B213-F6FDED605125}.DebugDLL|x86.ActiveCfg = DebugDLL|Win32
		{6227F51A-1498-4C4A-B213-F6FDED605125}.DebugDLL|x86.Build.0 = DebugDLL|Win32
		{6227F51A-1498-4C4A-B213-F6FDED605125}.Release|x64.ActiveCfg = Release|x64
		{6227F51A-1498-4C4A-B213-F6FDED605125}.Release|x64.Build.0 = Release|x64
		{6227F51A-1498-4C4A-B213-F6FDED605125}.Release|x86.ActiveCfg = Release|Win32
		{6227F51A-1498-4C4A-B213-F6FDED605125}.Release|x86.Build.0 = Release|Win32
		{6227F51A-1498-4C4A-B213-F6FDED605125}.ReleaseDLL|x64.ActiveCfg = ReleaseDLL|x64
		{6227F51A-1498-4C4A-B213-F6FDED605125}.ReleaseDLL|x64.Build.0 = ReleaseDLL|x64
		{6227F51A-1498-4C4A-B213-F6FDED605125}.ReleaseDLL|x86.ActiveCfg = ReleaseDLL|Win32
		{6227F51A-1498-4C4A-B213-F6FDED605125}.ReleaseDLL|x86.Build.0 = ReleaseDLL|Win32
		{9C2C266D-35A3-465F-A297-0E21D54E5C89}.Debug|x64.ActiveCfg = Debug|x64
		{9C2C266D-35A3-465F-A297-0E21D54E5C89}.Debug|x64.Build.0 = Debug|x64
		{9C2C266D-35A3-465F-A297-0E21D54E5C89}.Debug|x86.ActiveCfg = Debug|Win32
		{9C2C266D-35A3-465F-A297-0E21D54E5C89}.Debug|x86.Build.0 = Debug|Win32
		{9C2C266D-35A3-465F-A297-0E21D54E5C89}.DebugDLL|x64.ActiveCfg = DebugDLL|x64
		{9C2C266D-35A3-465F-A297-0E21D54E5C89}.DebugDLL|x64.Build.0 = DebugDLL|x64
		{9C2C266D-35A3-465F-A297-0E21D54E5C89}.DebugDLL|x86.ActiveCfg = DebugDLL|Win32
		{9C2C266D-35A3-465F-A297-0E21D54E5C89}.DebugDLL|x86.Build.0 = DebugDLL|Win32
		{9C2C266D-35A3-465F-A297-0E21D54E5C89}.Release|x64.ActiveCfg = Release|x64
		{9C2C266D-35A3-465F-A297-0E21D54E5C89}.Release|x64.Build.0 = Release|x64
		{9C2C266D-35A3-465F-A297-0E21D54E5C89}.Release|x86.ActiveCfg = Release|Win32
		{9C2C266D-35A3-465F-A297-0E21D54E5C89}.Release|x86.Build.0 = Release|Win32
		{9C2C266D-35A3-465F-A297-0E21D54E5C89}.ReleaseDLL|x64.ActiveCfg = ReleaseDLL|x64
		{9C2C266D-35A3-465F-A297-0E21D54E5C89}.ReleaseDLL|x64.Build.0 = ReleaseDLL|x64
		{9C2C266D-35A3-465F-A297-0E21D54E5C89}.ReleaseDLL|x86.ActiveCfg = ReleaseDLL|Win32
		{9C2C266D-35A3-465F-A297-0E21D54E5C89}.ReleaseDLL|x86.Build.0 = ReleaseDLL|Win32
		{1D3EEF7A-D248-48C0-B6B5-ECA229FE4B3D}.Debug|x64.ActiveCfg = Debug|x64
		{1D3EEF7A-D248-48C0-B6B5-ECA229FE4B3D}.Debug|x64.Build.0 = Debug|x64
		{1D3EEF7A-D248-48C0-B6B5-ECA229FE4B3D}.Debug|x86.ActiveCfg = Debug|Win32
		{1D3EEF7A-D248-48C0-B6B5-ECA229FE4B3D}.Debug|x86.Build.0 = Debug|Win32
		{1D3EEF7A-D248-48C0-B6B5-ECA229FE4B3D}.DebugDLL|x64.ActiveCfg = DebugDLL|x64
		{1D3EEF7A-D248-48C0-B6B5-ECA229FE4B3D}.DebugDLL|x64.Build.0 = DebugDLL|x64
		{1D3EEF7A-D248-48C0-B6B5-ECA229FE4B3D}.DebugDLL|x86.ActiveCfg = DebugDLL|Win32
		{1D3EEF7A-D248-48C0-B6B5-ECA229FE4B3D}.DebugDLL|x86.Build.0 = DebugDLL|Win32
		{1D3EEF7A-D248-48C0-B6B5-ECA229FE4B3D}.Release|x64.ActiveCfg = Release|x64
		{1D3EEF7A-D248-48C0-B6B5-ECA229FE4B3D}.Release|x64.Build.0 = Release|x64
		{1D3EEF7A-D248-48C0-B6B5-ECA229FE4B3D}.Release|x86.ActiveCfg = Release|Win32
		{1D3EEF7A-D248-48C0-B6B5-ECA229FE4B3D}.Release|x86.Build.0 = Release|Win32
		{1D3EEF7A-D248-48C0-B6B5-ECA229FE4B3D}.ReleaseDLL|x64.ActiveCfg = ReleaseDLL|x64
		{1D3EEF7A-D248-48C0-B6B5-ECA229FE4B3D}.ReleaseDLL|x64.Build.0 = ReleaseDLL|x64
		{1D3EEF7A-D248-48C0-B6B5-ECA229FE4B3D}.ReleaseDLL|x86.ActiveCfg = ReleaseDLL|Win32
		{1D3EEF7A-D248-48C0-B6B5-ECA229FE4B3D}.ReleaseDLL|x86.Build.0 = ReleaseDLL|Win32
		{6365804B-22C6-4D5E-91F3-0C052EB55B4F}.Debug|x64.ActiveCfg = Debug|x64
		{6365804B-22C6-4D5E-91F3-0C052EB55B4F}.Debug|x64.Build.0 = Debug|x64
		{6365804B-22C6-4D5E-91F3-0C052EB55B4F}.Debug|x86.ActiveCfg = Debug|Win32
		{6365804B-22C6-4D5E-91F3-0C052EB55B4F}.Debug|x86.Build.0 = Debug|Win32
		{6365804B-22C6-4D5E-91F3-0C052EB55B4F}.DebugDLL|x64.ActiveCfg = DebugDLL|x64
		{6365804B-22C6-4D5E-91F3-0C052EB55B4F}.DebugDLL|x64.Build.0 = DebugDLL|x64
		{6365804B-22C6-4D5E-91F3-0C052EB55B4F}.DebugDLL|x86.ActiveCfg = DebugDLL|Win32
		{6365804B-22C6-4D5E-91F3-0C052EB55B4F}.DebugDLL|x86.Build.0 = DebugDLL|Win32
		{6365804B-22C6-4D5E-91F3-0C052EB55B4F}.Release|x64.ActiveCfg = Release|x64
		{6365804B-22C6-4D5E-91F3-0C052EB55B4F}.Release|x64.Build.0 = Release|x64
		{6365804B-22C6-4D5E-91F3-0C052EB55B4F}.Release|x86.ActiveCfg = Release|Win32
		{6365804B-22C6-4D5E-91F3-0C052EB55B4F}.Release|x86.Build.0 = Release|Win32
		{6365804B-22C6-4D5E-91F3-0C052EB55B4F}.ReleaseDLL|x64.ActiveCfg = ReleaseDLL|x64
		{6365804B-22C6-4D5E-91F3-0C052EB55B4F}.ReleaseDLL|x64.Build.0 = ReleaseDLL|x64
		{6365804B-22C6-4D5E-91F3-0C052EB55B4F}.ReleaseDLL|x86.ActiveCfg = ReleaseDLL|Win32
		{6365804B-22C6-4D5E-91F3-0C052EB55B4F}.ReleaseDLL|x86.Build.0 = ReleaseDLL|Win32
		{8FB56F1C-E617-4B79-96AE-1FA499A3A9B5}.Debug|x64.ActiveCfg = Debug|x64
		{8FB56F1C-E617-4B79-96AE-1FA499A3A9B5}.Debug|x64.Build.0 = Debug|x64
		{8FB56F1C-E617-4B79-96AE-1FA499A3A9B5}.Debug|x86.ActiveCfg = Debug|Win32
		{8FB56F1C-E617-4B79-96AE-1FA499A3A9B5}.Debug|x86.Build.0 = Debug|Win32
		{8FB56F1C-E617-4B79-96AE-1FA499A3A9B5}.DebugDLL|x64.ActiveCfg = DebugDLL|x64
		{8FB56F1C-E617-4B79-96AE-1FA499A3A9B5}.DebugDLL|x64.Build.0 = DebugDLL|x64
		{8FB56F1C-E617-4B79-96AE-1FA499A3A9B5}.DebugDLL|x86.ActiveCfg = DebugDLL|Win32
		{8FB56F1C-E617-4B79-96AE-1FA499A3A9B5}.DebugDLL|x86.Build.0 = DebugDLL|Win32
		{8FB56F1C-E617-4B79-96AE-1FA499A3A9B5}.Release|x64.ActiveCfg = Release|x64
		{8FB56F1C-E617-4B79-96AE-1FA499A3A9B5}.Release|x64.Build.0 = Release|x64
		{8FB56F1C-E617-4B79-96AE-1FA499A3A9B5}.Release|x86.ActiveCfg = Release|Win32
		{8FB56F1C-E617-4B79-96AE-1FA499A3A9B5}.Release|x86.Build.0 = Release|Win32
		{8FB56F1C-E617-4B79-96AE-1FA499A3A9B5}.ReleaseDLL|x64.ActiveCfg = ReleaseDLL|x64
		{8FB56F1C-E617-4B79-96AE-1FA499A3A9B5}.ReleaseDLL|x64.Build.0 = ReleaseDLL|x64
		{8FB56F1C-E617-4B79-96AE-1FA499A3A9B5}.ReleaseDLL|x86.ActiveCfg = ReleaseDLL|Win32
		{8FB56F1C-E617-4B79-96AE-1FA499A3A9B5}.ReleaseDLL|x86.Build.0 = ReleaseDLL|Win32
		{7FB5F4A6-74F9-471D-B358-BAA0AC1CCA0A}.Debug|x64.ActiveCfg = Debug|x64
		{7FB5F4A6-74F9-471D-B358-BAA0AC1CCA0A}.Debug|x64.Build.0 = Debug|x64
		{7FB5F4A6-74F9-471D-B358-BAA0AC1CCA0A}.Debug|x86.ActiveCfg = Debug|Win32
		{7FB5F4A6-74F9-471D-B358-BAA0AC1CCA0A}.Debug|x86.Build.0 = Debug|Win32
		{7FB5F4A6-74F9-471D-B358-BAA0AC1CCA0A}.DebugDLL|x64.ActiveCfg = DebugDLL|x64
		{7FB5F4A6-74F9-471D-B358-BAA0AC1CCA0A}.DebugDLL|x64.Build.0 = DebugDLL|x64
		{7FB5F4A6-74F9-471D-B358-BAA0AC1CCA0A}.DebugDLL|x86.ActiveCfg = DebugDLL|Win32
		{7FB5F4A6-74F9-471D-B358-BAA0AC1CCA0A}.DebugDLL|x86.Build.0 = DebugDLL|Win32
		{7FB5F4A6-74F9-471D-B358-BAA0AC1CCA0A}.Release|x64.ActiveCfg = Release|x64
		{7FB5F4A6-74F9-471D-B358-BAA0AC1CCA0A}.Release|x64.Build.0 = Release|x64
		{7FB5F4A6-74F9-471D-B358-BAA0AC1CCA0A}.Release|x86.ActiveCfg = Release|Win32
		{7FB5F4A6-74F9-471D-B358-BAA0AC1CCA0A}.Release|x86.Build.0 = Release|Win32
		{7FB5F4A6-74F9-471D-B358-BAA0AC1CCA0A}.ReleaseDLL|x64.ActiveCfg = ReleaseDLL|x64
		{7FB5F4A6-74F9-471D-B358-BAA0AC1CCA0A}.ReleaseDLL|x64.Build.0 = ReleaseDLL|x64
		{7FB5F4A6-74F9-471D-B358-BAA0AC1CCA0A}.ReleaseDLL|x86.ActiveCfg = ReleaseDLL|Win32
		{7FB5F4A6-74F9-471D-B358-BAA0AC1CCA0A}.ReleaseDLL|x86.Build.0 = ReleaseDLL|Win32
	EndGlobalSection
	GlobalSection(SolutionProperties) = preSolution
		HideSolutionNode = FALSE
	EndGlobalSection
	GlobalSection(NestedProjects) = preSolution
		{9C2C266D-35A3-465F-A297-0E21D54E5C89} = {9A01C9FF-6331-4510-B971-2BCD1CA970FD}
		{1D3EEF7A-D248-48C0-B6B5-ECA229FE4B3D} = {9A01C9FF-6331-4510-B971-2BCD1CA970FD}
		{6365804B-22C6-4D5E-91F3-0C052EB55B4F} = {9A01C9FF-6331-4510-B971-2BCD1CA970FD}
		{8FB56F1C-E617-4B79-96AE-1FA499A3A9B5} = {9A01C9FF-6331-4510-B971-2BCD1CA970FD}
		{7FB5F4A6-74F9-471D-B358-BAA0AC1CCA0A} = {9A01C9FF-6331-4510-B971-2BCD1CA970FD}
	EndGlobalSection
EndGlobal
